dependencies:
  espressif/esp32-camera:
    component_hash: c3eb05fbeeae884a23bed9b17d48d5f0da8872beadae0c0e747d2fbea6094f06
    source:
      service_url: https://api.components.espressif.com/
      type: service
    version: 2.0.15
  espressif/mdns:
    component_hash: f5267872ed0c810d1b281c41a567cace7b3a3695c0df9dff89f631e9ba426ed0
    source:
      service_url: https://api.components.espressif.com/
      type: service
    version: 1.4.2
  idf:
    component_hash: null
    source:
      type: idf
    version: 5.3.1
manifest_hash: 3ab79bca04b6702706a00f3775e9b36ec8ecdaaca12af0e3cfa34da7d2769429
target: esp32
version: 1.0.0
